{
    "_readme": [
        "This file locks the dependencies of your project to a known state",
        "Read more about it at https://getcomposer.org/doc/01-basic-usage.md#composer-lock-the-lock-file",
        "This file is @generated automatically"
    ],
    "hash": "a09280b986fe46d371b77bdb9eef34f1",
    "content-hash": "3e09d99fdf39f4e7fc553860cf3d50ea",
    "packages": [
        {
            "name": "bacon/bacon-qr-code",
            "version": "1.0.1",
            "source": {
                "type": "git",
                "url": "https://github.com/Bacon/BaconQrCode.git",
                "reference": "031a2ce68c5794064b49d11775b2daf45c96e21c"
            },
            "dist": {
                "type": "zip",
                "url": "https://api.github.com/repos/Bacon/BaconQrCode/zipball/031a2ce68c5794064b49d11775b2daf45c96e21c",
                "reference": "031a2ce68c5794064b49d11775b2daf45c96e21c",
                "shasum": ""
            },
            "require": {
                "php": ">=5.3.3"
            },
            "suggest": {
                "ext-gd": "to generate QR code images"
            },
            "type": "library",
            "autoload": {
                "psr-0": {
                    "BaconQrCode": "src/"
                }
            },
            "notification-url": "https://packagist.org/downloads/",
            "license": [
                "BSD-2-Clause"
            ],
            "authors": [
                {
                    "name": "Ben Scholzen 'DASPRiD'",
                    "email": "mail@dasprids.de",
                    "homepage": "http://www.dasprids.de",
                    "role": "Developer"
                }
            ],
            "description": "BaconQrCode is a QR code generator for PHP.",
            "homepage": "https://github.com/Bacon/BaconQrCode",
            "time": "2016-01-09 22:55:35"
        },
        {
            "name": "cebe/markdown",
            "version": "1.1.1",
            "source": {
                "type": "git",
                "url": "https://github.com/cebe/markdown.git",
                "reference": "c30eb5e01fe021cc5bba2f9ee0eeef96d4931166"
            },
            "dist": {
                "type": "zip",
                "url": "https://api.github.com/repos/cebe/markdown/zipball/c30eb5e01fe021cc5bba2f9ee0eeef96d4931166",
                "reference": "c30eb5e01fe021cc5bba2f9ee0eeef96d4931166",
                "shasum": ""
            },
            "require": {
                "lib-pcre": "*",
                "php": ">=5.4.0"
            },
            "require-dev": {
                "cebe/indent": "*",
                "facebook/xhprof": "*@dev",
                "phpunit/phpunit": "4.1.*"
            },
            "bin": [
                "bin/markdown"
            ],
            "type": "library",
            "extra": {
                "branch-alias": {
                    "dev-master": "1.1.x-dev"
                }
            },
            "autoload": {
                "psr-4": {
                    "cebe\\markdown\\": ""
                }
            },
            "notification-url": "https://packagist.org/downloads/",
            "license": [
                "MIT"
            ],
            "authors": [
                {
                    "name": "Carsten Brandt",
                    "email": "mail@cebe.cc",
                    "homepage": "http://cebe.cc/",
                    "role": "Creator"
                }
            ],
            "description": "A super fast, highly extensible markdown parser for PHP",
            "homepage": "https://github.com/cebe/markdown#readme",
            "keywords": [
                "extensible",
                "fast",
                "gfm",
                "markdown",
                "markdown-extra"
            ],
            "time": "2016-09-14 20:40:20"
        },
        {
            "name": "endroid/qrcode",
            "version": "2.2.3",
            "source": {
                "type": "git",
                "url": "https://github.com/endroid/QrCode.git",
                "reference": "6d3b55bf46e416bfd80efdbf7ca0e39c6f86a7c3"
            },
            "dist": {
                "type": "zip",
                "url": "https://files.phpcomposer.com/files/endroid/QrCode/6d3b55bf46e416bfd80efdbf7ca0e39c6f86a7c3.zip",
                "reference": "6d3b55bf46e416bfd80efdbf7ca0e39c6f86a7c3",
                "shasum": ""
            },
            "require": {
                "bacon/bacon-qr-code": "^1.0",
                "ext-gd": "*",
                "khanamiryan/qrcode-detector-decoder": "^0.0.1",
                "myclabs/php-enum": "^1.5",
                "php": ">=5.6",
                "symfony/options-resolver": "^2.7|^3.0",
                "symfony/property-access": "^2.7|^3.0"
            },
            "require-dev": {
                "phpunit/phpunit": "^5.7|^6.0",
                "sensio/framework-extra-bundle": "^3.0",
                "symfony/asset": "^2.7|^3.0",
                "symfony/browser-kit": "^2.7|^3.0",
                "symfony/finder": "^2.7|^3.0",
                "symfony/framework-bundle": "^2.7|^3.0",
                "symfony/http-kernel": "^2.7|^3.0",
                "symfony/templating": "^2.7|^3.0",
                "symfony/twig-bundle": "^2.7|^3.0",
                "symfony/yaml": "^2.7|^3.0"
            },
            "type": "library",
            "extra": {
                "branch-alias": {
                    "dev-master": "2.x-dev"
                }
            },
            "autoload": {
                "psr-4": {
                    "Endroid\\QrCode\\": "src/"
                }
            },
            "notification-url": "https://packagist.org/downloads/",
            "license": [
                "MIT"
            ],
            "authors": [
                {
                    "name": "Jeroen van den Enden",
                    "email": "info@endroid.nl",
                    "homepage": "http://endroid.nl/"
                }
            ],
            "description": "Endroid QR Code",
            "homepage": "https://github.com/endroid/QrCode",
            "keywords": [
                "bundle",
                "code",
                "endroid",
                "qr",
                "qrcode",
                "symfony"
            ],
            "time": "2017-06-18 21:47:09"
        },
        {
            "name": "khanamiryan/qrcode-detector-decoder",
            "version": "0.0.1",
            "source": {
                "type": "git",
                "url": "https://github.com/khanamiryan/php-qrcode-detector-decoder.git",
                "reference": "96d5f80680b04803c4f1b69d6e01735e876b80c7"
            },
            "dist": {
                "type": "zip",
                "url": "https://api.github.com/repos/khanamiryan/php-qrcode-detector-decoder/zipball/96d5f80680b04803c4f1b69d6e01735e876b80c7",
                "reference": "96d5f80680b04803c4f1b69d6e01735e876b80c7",
                "shasum": ""
            },
            "require": {
                "php": "^5.6|^7.0"
            },
            "require-dev": {
                "phpunit/phpunit": "^5.7"
            },
            "type": "library",
            "autoload": {
                "classmap": [
                    "lib/"
                ],
                "files": [
                    "lib/common/customFunctions.php"
                ]
            },
            "notification-url": "https://packagist.org/downloads/",
            "license": [
                "MIT"
            ],
            "authors": [
                {
                    "name": "Ashot Khanamiryan",
                    "email": "a.khanamiryan@gmail.com",
                    "homepage": "https://github.com/khanamiryan",
                    "role": "Developer"
                }
            ],
            "description": "QR code decoder / reader",
            "homepage": "https://github.com/khanamiryan/php-qrcode-detector-decoder",
            "keywords": [
                "barcode",
                "qr",
                "zxing"
            ],
            "time": "2017-01-13 09:11:46"
        },
        {
            "name": "monolog/monolog",
            "version": "1.22.0",
            "source": {
                "type": "git",
                "url": "https://github.com/Seldaek/monolog.git",
                "reference": "bad29cb8d18ab0315e6c477751418a82c850d558"
            },
            "dist": {
                "type": "zip",
                "url": "https://api.github.com/repos/Seldaek/monolog/zipball/bad29cb8d18ab0315e6c477751418a82c850d558",
                "reference": "bad29cb8d18ab0315e6c477751418a82c850d558",
                "shasum": ""
            },
            "require": {
                "php": ">=5.3.0",
                "psr/log": "~1.0"
            },
            "provide": {
                "psr/log-implementation": "1.0.0"
            },
            "require-dev": {
                "aws/aws-sdk-php": "^2.4.9 || ^3.0",
                "doctrine/couchdb": "~1.0@dev",
                "graylog2/gelf-php": "~1.0",
                "jakub-onderka/php-parallel-lint": "0.9",
                "php-amqplib/php-amqplib": "~2.4",
                "php-console/php-console": "^3.1.3",
                "phpunit/phpunit": "~4.5",
                "phpunit/phpunit-mock-objects": "2.3.0",
                "ruflin/elastica": ">=0.90 <3.0",
                "sentry/sentry": "^0.13",
                "swiftmailer/swiftmailer": "~5.3"
            },
            "suggest": {
                "aws/aws-sdk-php": "Allow sending log messages to AWS services like DynamoDB",
                "doctrine/couchdb": "Allow sending log messages to a CouchDB server",
                "ext-amqp": "Allow sending log messages to an AMQP server (1.0+ required)",
                "ext-mongo": "Allow sending log messages to a MongoDB server",
                "graylog2/gelf-php": "Allow sending log messages to a GrayLog2 server",
                "mongodb/mongodb": "Allow sending log messages to a MongoDB server via PHP Driver",
                "php-amqplib/php-amqplib": "Allow sending log messages to an AMQP server using php-amqplib",
                "php-console/php-console": "Allow sending log messages to Google Chrome",
                "rollbar/rollbar": "Allow sending log messages to Rollbar",
                "ruflin/elastica": "Allow sending log messages to an Elastic Search server",
                "sentry/sentry": "Allow sending log messages to a Sentry server"
            },
            "type": "library",
            "extra": {
                "branch-alias": {
                    "dev-master": "2.0.x-dev"
                }
            },
            "autoload": {
                "psr-4": {
                    "Monolog\\": "src/Monolog"
                }
            },
            "notification-url": "https://packagist.org/downloads/",
            "license": [
                "MIT"
            ],
            "authors": [
                {
                    "name": "Jordi Boggiano",
                    "email": "j.boggiano@seld.be",
                    "homepage": "http://seld.be"
                }
            ],
            "description": "Sends your logs to files, sockets, inboxes, databases and various web services",
            "homepage": "http://github.com/Seldaek/monolog",
            "keywords": [
                "log",
                "logging",
                "psr-3"
            ],
            "time": "2016-11-26 00:15:39"
        },
        {
            "name": "mthaml/mthaml",
            "version": "1.8.0",
            "source": {
                "type": "git",
                "url": "https://github.com/arnaud-lb/MtHaml.git",
                "reference": "b7e0c72883ee3efcf8b8819210b90496158b00d4"
            },
            "dist": {
                "type": "zip",
                "url": "https://api.github.com/repos/arnaud-lb/MtHaml/zipball/b7e0c72883ee3efcf8b8819210b90496158b00d4",
                "reference": "b7e0c72883ee3efcf8b8819210b90496158b00d4",
                "shasum": ""
            },
            "require": {
                "php": ">=5.4.0"
            },
            "conflict": {
                "mthaml/mthaml-bundle": "<1.1.0"
            },
            "require-dev": {
                "cebe/markdown": "~1",
                "coffeescript/coffeescript": "~1",
                "erusev/parsedown": "*",
                "fluxbb/commonmark": "~1@dev",
                "gregwar/rst": "~1",
                "kzykhys/ciconia": "~1",
                "leafo/lessphp": "*",
                "leafo/scssphp": "*",
                "league/commonmark": ">=0.9",
                "michelf/php-markdown": "~1.3",
                "oyejorge/less.php": "*",
                "twig/twig": "~1.12|~2.0"
            },
            "suggest": {
                "cebe/markdown": "If you want to use :markdown filter",
                "coffeescript/coffeescript": "If you want to use :coffee or :coffeescript filter",
                "erusev/parsedown": "If you want to use :markdown filter",
                "fluxbb/commonmark": "If you want to use :markdown filter",
                "gregwar/rst": "If you want to use :rest filter",
                "kzykhys/ciconia": "If you want to use :markdown filter",
                "leafo/lessphp": "If you want to use :less filter",
                "leafo/scssphp": "If you want to use :scss filter",
                "league/commonmark": "If you want to use :markdown filter",
                "michelf/php-markdown": "If you want to use :markdown filter",
                "oyejorge/less.php": "If you want to use :less filter",
                "twig/twig": "If you want to use Twig templating engine"
            },
            "type": "library",
            "autoload": {
                "psr-0": {
                    "MtHaml\\": "lib/"
                }
            },
            "notification-url": "https://packagist.org/downloads/",
            "license": [
                "MIT"
            ],
            "authors": [
                {
                    "name": "Arnaud Le Blanc",
                    "email": "arnaud.lb@gmail.com"
                }
            ],
            "description": "HAML for PHP",
            "homepage": "https://github.com/arnaud-lb/MtHaml",
            "keywords": [
                "HAML"
            ],
            "time": "2015-12-17 09:48:00"
        },
        {
            "name": "myclabs/php-enum",
            "version": "1.5.1",
            "source": {
                "type": "git",
                "url": "https://github.com/myclabs/php-enum.git",
                "reference": "61f4a24da5be216301447f3278ea6562609d61f5"
            },
            "dist": {
                "type": "zip",
                "url": "https://api.github.com/repos/myclabs/php-enum/zipball/61f4a24da5be216301447f3278ea6562609d61f5",
                "reference": "61f4a24da5be216301447f3278ea6562609d61f5",
                "shasum": ""
            },
            "require": {
                "php": ">=5.3"
            },
            "require-dev": {
                "phpunit/phpunit": "4.*",
                "squizlabs/php_codesniffer": "1.*"
            },
            "type": "library",
            "autoload": {
                "psr-4": {
                    "MyCLabs\\Enum\\": "src/"
                }
            },
            "notification-url": "https://packagist.org/downloads/",
            "license": [
                "MIT"
            ],
            "authors": [
                {
                    "name": "PHP Enum contributors",
                    "homepage": "https://github.com/myclabs/php-enum/graphs/contributors"
                }
            ],
            "description": "PHP Enum implementation",
            "homepage": "http://github.com/myclabs/php-enum",
            "keywords": [
                "enum"
            ],
            "time": "2017-03-26 10:24:21"
        },
        {
            "name": "os/php-excel",
            "version": "2.1",
            "target-dir": "PHPExcel",
            "source": {
                "type": "git",
                "url": "https://github.com/ouardisoft/PHPExcel.git",
                "reference": "1dcb280a82b94943a00d478eac099542aa0be2bd"
            },
            "dist": {
                "type": "zip",
                "url": "https://api.github.com/repos/ouardisoft/PHPExcel/zipball/1dcb280a82b94943a00d478eac099542aa0be2bd",
                "reference": "1dcb280a82b94943a00d478eac099542aa0be2bd",
                "shasum": ""
            },
            "require": {
                "php": ">=5.2.6"
            },
            "type": "library",
            "notification-url": "https://packagist.org/downloads/",
            "license": [
                "MIT"
            ],
            "authors": [
                {
                    "name": "LOUARDI Abdeltif",
                    "email": "louardi.abdeltif@yahoo.fr",
                    "homepage": "http://phphub.net"
                }
            ],
            "description": "PHP Excel Library",
            "homepage": "http://github.com/ouardisoft/PHPExcel",
            "keywords": [
                "excel"
            ],
            "time": "2012-05-02 20:42:37"
        },
        {
            "name": "overtrue/pinyin",
            "version": "3.0.5",
            "source": {
                "type": "git",
                "url": "https://github.com/overtrue/pinyin.git",
                "reference": "590fd5820d65c3967d33b4d0dc114b893d0a1168"
            },
            "dist": {
                "type": "zip",
                "url": "https://api.github.com/repos/overtrue/pinyin/zipball/590fd5820d65c3967d33b4d0dc114b893d0a1168",
                "reference": "590fd5820d65c3967d33b4d0dc114b893d0a1168",
                "shasum": ""
            },
            "require": {
                "php": ">=5.3"
            },
            "require-dev": {
                "phpunit/phpunit": "~4.8"
            },
            "type": "library",
            "autoload": {
                "psr-4": {
                    "Overtrue\\Pinyin\\": "src/"
                }
            },
            "notification-url": "https://packagist.org/downloads/",
            "license": [
                "MIT"
            ],
            "authors": [
                {
                    "name": "Carlos",
                    "homepage": "http://github.com/overtrue"
                }
            ],
            "description": "Chinese to pinyin translator.",
            "homepage": "https://github.com/overtrue/pinyin",
            "keywords": [
                "Chinese",
                "Pinyin",
                "cn2pinyin"
            ],
            "time": "2017-02-27 02:31:58"
        },
        {
            "name": "paragonie/random_compat",
            "version": "v2.0.10",
            "source": {
                "type": "git",
                "url": "https://github.com/paragonie/random_compat.git",
                "reference": "634bae8e911eefa89c1abfbf1b66da679ac8f54d"
            },
            "dist": {
                "type": "zip",
                "url": "https://api.github.com/repos/paragonie/random_compat/zipball/634bae8e911eefa89c1abfbf1b66da679ac8f54d",
                "reference": "634bae8e911eefa89c1abfbf1b66da679ac8f54d",
                "shasum": ""
            },
            "require": {
                "php": ">=5.2.0"
            },
            "require-dev": {
                "phpunit/phpunit": "4.*|5.*"
            },
            "suggest": {
                "ext-libsodium": "Provides a modern crypto API that can be used to generate random bytes."
            },
            "type": "library",
            "autoload": {
                "files": [
                    "lib/random.php"
                ]
            },
            "notification-url": "https://packagist.org/downloads/",
            "license": [
                "MIT"
            ],
            "authors": [
                {
                    "name": "Paragon Initiative Enterprises",
                    "email": "security@paragonie.com",
                    "homepage": "https://paragonie.com"
                }
            ],
            "description": "PHP 5.x polyfill for random_bytes() and random_int() from PHP 7",
            "keywords": [
                "csprng",
                "pseudorandom",
                "random"
            ],
            "time": "2017-03-13 16:27:32"
        },
        {
            "name": "psr/log",
            "version": "1.0.2",
            "source": {
                "type": "git",
                "url": "https://github.com/php-fig/log.git",
                "reference": "4ebe3a8bf773a19edfe0a84b6585ba3d401b724d"
            },
            "dist": {
                "type": "zip",
                "url": "https://api.github.com/repos/php-fig/log/zipball/4ebe3a8bf773a19edfe0a84b6585ba3d401b724d",
                "reference": "4ebe3a8bf773a19edfe0a84b6585ba3d401b724d",
                "shasum": ""
            },
            "require": {
                "php": ">=5.3.0"
            },
            "type": "library",
            "extra": {
                "branch-alias": {
                    "dev-master": "1.0.x-dev"
                }
            },
            "autoload": {
                "psr-4": {
                    "Psr\\Log\\": "Psr/Log/"
                }
            },
            "notification-url": "https://packagist.org/downloads/",
            "license": [
                "MIT"
            ],
            "authors": [
                {
                    "name": "PHP-FIG",
                    "homepage": "http://www.php-fig.org/"
                }
            ],
            "description": "Common interface for logging libraries",
            "homepage": "https://github.com/php-fig/log",
            "keywords": [
                "log",
                "psr",
                "psr-3"
            ],
            "time": "2016-10-10 12:19:37"
        },
        {
            "name": "symfony/inflector",
            "version": "v3.2.8",
            "source": {
                "type": "git",
                "url": "https://github.com/symfony/inflector.git",
                "reference": "93cdcef6a06d74379cc314d39bafeb55368e447c"
            },
            "dist": {
                "type": "zip",
                "url": "https://api.github.com/repos/symfony/inflector/zipball/93cdcef6a06d74379cc314d39bafeb55368e447c",
                "reference": "93cdcef6a06d74379cc314d39bafeb55368e447c",
                "shasum": ""
            },
            "require": {
                "php": ">=5.5.9"
            },
            "type": "library",
            "extra": {
                "branch-alias": {
                    "dev-master": "3.2-dev"
                }
            },
            "autoload": {
                "psr-4": {
                    "Symfony\\Component\\Inflector\\": ""
                },
                "exclude-from-classmap": [
                    "/Tests/"
                ]
            },
            "notification-url": "https://packagist.org/downloads/",
            "license": [
                "MIT"
            ],
            "authors": [
                {
                    "name": "Bernhard Schussek",
                    "email": "bschussek@gmail.com"
                },
                {
                    "name": "Symfony Community",
                    "homepage": "https://symfony.com/contributors"
                }
            ],
            "description": "Symfony Inflector Component",
            "homepage": "https://symfony.com",
            "keywords": [
                "inflection",
                "pluralize",
                "singularize",
                "string",
                "symfony",
                "words"
            ],
            "time": "2017-04-12 14:13:17"
        },
        {
            "name": "symfony/options-resolver",
            "version": "v3.2.8",
            "source": {
                "type": "git",
                "url": "https://github.com/symfony/options-resolver.git",
                "reference": "8cbb4f23414e2a5e92690cf67680a979a461113c"
            },
            "dist": {
                "type": "zip",
                "url": "https://api.github.com/repos/symfony/options-resolver/zipball/8cbb4f23414e2a5e92690cf67680a979a461113c",
                "reference": "8cbb4f23414e2a5e92690cf67680a979a461113c",
                "shasum": ""
            },
            "require": {
                "php": ">=5.5.9"
            },
            "type": "library",
            "extra": {
                "branch-alias": {
                    "dev-master": "3.2-dev"
                }
            },
            "autoload": {
                "psr-4": {
                    "Symfony\\Component\\OptionsResolver\\": ""
                },
                "exclude-from-classmap": [
                    "/Tests/"
                ]
            },
            "notification-url": "https://packagist.org/downloads/",
            "license": [
                "MIT"
            ],
            "authors": [
                {
                    "name": "Fabien Potencier",
                    "email": "fabien@symfony.com"
                },
                {
                    "name": "Symfony Community",
                    "homepage": "https://symfony.com/contributors"
                }
            ],
            "description": "Symfony OptionsResolver Component",
            "homepage": "https://symfony.com",
            "keywords": [
                "config",
                "configuration",
                "options"
            ],
            "time": "2017-04-12 14:13:17"
        },
        {
            "name": "symfony/polyfill-php70",
            "version": "v1.3.0",
            "source": {
                "type": "git",
                "url": "https://github.com/symfony/polyfill-php70.git",
                "reference": "13ce343935f0f91ca89605a2f6ca6f5c2f3faac2"
            },
            "dist": {
                "type": "zip",
                "url": "https://api.github.com/repos/symfony/polyfill-php70/zipball/13ce343935f0f91ca89605a2f6ca6f5c2f3faac2",
                "reference": "13ce343935f0f91ca89605a2f6ca6f5c2f3faac2",
                "shasum": ""
            },
            "require": {
                "paragonie/random_compat": "~1.0|~2.0",
                "php": ">=5.3.3"
            },
            "type": "library",
            "extra": {
                "branch-alias": {
                    "dev-master": "1.3-dev"
                }
            },
            "autoload": {
                "psr-4": {
                    "Symfony\\Polyfill\\Php70\\": ""
                },
                "files": [
                    "bootstrap.php"
                ],
                "classmap": [
                    "Resources/stubs"
                ]
            },
            "notification-url": "https://packagist.org/downloads/",
            "license": [
                "MIT"
            ],
            "authors": [
                {
                    "name": "Nicolas Grekas",
                    "email": "p@tchwork.com"
                },
                {
                    "name": "Symfony Community",
                    "homepage": "https://symfony.com/contributors"
                }
            ],
            "description": "Symfony polyfill backporting some PHP 7.0+ features to lower PHP versions",
            "homepage": "https://symfony.com",
            "keywords": [
                "compatibility",
                "polyfill",
                "portable",
                "shim"
            ],
            "time": "2016-11-14 01:06:16"
        },
        {
            "name": "symfony/property-access",
            "version": "v3.2.8",
            "source": {
                "type": "git",
                "url": "https://github.com/symfony/property-access.git",
                "reference": "9faa1525b8509705eca72bb2c89965aaa65e089c"
            },
            "dist": {
                "type": "zip",
                "url": "https://api.github.com/repos/symfony/property-access/zipball/9faa1525b8509705eca72bb2c89965aaa65e089c",
                "reference": "9faa1525b8509705eca72bb2c89965aaa65e089c",
                "shasum": ""
            },
            "require": {
                "php": ">=5.5.9",
                "symfony/inflector": "~3.1",
                "symfony/polyfill-php70": "~1.0"
            },
            "require-dev": {
                "symfony/cache": "~3.1"
            },
            "suggest": {
                "psr/cache-implementation": "To cache access methods."
            },
            "type": "library",
            "extra": {
                "branch-alias": {
                    "dev-master": "3.2-dev"
                }
            },
            "autoload": {
                "psr-4": {
                    "Symfony\\Component\\PropertyAccess\\": ""
                },
                "exclude-from-classmap": [
                    "/Tests/"
                ]
            },
            "notification-url": "https://packagist.org/downloads/",
            "license": [
                "MIT"
            ],
            "authors": [
                {
                    "name": "Fabien Potencier",
                    "email": "fabien@symfony.com"
                },
                {
                    "name": "Symfony Community",
                    "homepage": "https://symfony.com/contributors"
                }
            ],
            "description": "Symfony PropertyAccess Component",
            "homepage": "https://symfony.com",
            "keywords": [
                "access",
                "array",
                "extraction",
                "index",
                "injection",
                "object",
                "property",
                "property path",
                "reflection"
            ],
            "time": "2017-04-12 14:13:17"
        },
        {
            "name": "twig/twig",
            "version": "v1.26.1",
            "source": {
                "type": "git",
                "url": "https://github.com/twigphp/Twig.git",
                "reference": "a09d8ee17ac1cfea29ed60c83960ad685c6a898d"
            },
            "dist": {
                "type": "zip",
                "url": "https://api.github.com/repos/twigphp/Twig/zipball/a09d8ee17ac1cfea29ed60c83960ad685c6a898d",
                "reference": "a09d8ee17ac1cfea29ed60c83960ad685c6a898d",
                "shasum": ""
            },
            "require": {
                "php": ">=5.2.7"
            },
            "require-dev": {
                "symfony/debug": "~2.7",
                "symfony/phpunit-bridge": "~2.7"
            },
            "type": "library",
            "extra": {
                "branch-alias": {
                    "dev-master": "1.26-dev"
                }
            },
            "autoload": {
                "psr-0": {
                    "Twig_": "lib/"
                }
            },
            "notification-url": "https://packagist.org/downloads/",
            "license": [
                "BSD-3-Clause"
            ],
            "authors": [
                {
                    "name": "Fabien Potencier",
                    "email": "fabien@symfony.com",
                    "homepage": "http://fabien.potencier.org",
                    "role": "Lead Developer"
                },
                {
                    "name": "Armin Ronacher",
                    "email": "armin.ronacher@active-4.com",
                    "role": "Project Founder"
                },
                {
                    "name": "Twig Team",
                    "homepage": "http://twig.sensiolabs.org/contributors",
                    "role": "Contributors"
                }
            ],
            "description": "Twig, the flexible, fast, and secure template language for PHP",
            "homepage": "http://twig.sensiolabs.org",
            "keywords": [
                "templating"
            ],
            "time": "2016-10-05 18:57:41"
        }
    ],
    "packages-dev": [],
    "aliases": [],
    "minimum-stability": "stable",
    "stability-flags": [],
    "prefer-stable": false,
    "prefer-lowest": false,
    "platform": {
        "php": ">=5.6.0"
    },
    "platform-dev": []
}
